{
  "pins" : [
    {
      "identity" : "facebook-ios-sdk",
      "kind" : "remoteSourceControl",
      "location" : "https://github.com/facebook/facebook-ios-sdk",
      "state" : {
        "branch" : "main",
        "revision" : "014f33b367f81eadb85eb51efde07b411e11d733"
      }
    }
  ],
  "version" : 2
}
